// !$*UTF8*$!
{
	archiveVersion = 1;
	classes = {
	};
	objectVersion = 46;
	objects = {

/* Begin PBXBuildFile section */
		D4FFB2711CA4312C00B8389F /* main.m in Sources */ = {isa = PBXBuildFile; fileRef = D4FFB2701CA4312C00B8389F /* main.m */; };
		D4FFB2741CA4312C00B8389F /* AppDelegate.m in Sources */ = {isa = PBXBuildFile; fileRef = D4FFB2731CA4312C00B8389F /* AppDelegate.m */; };
		D4FFB2771CA4312C00B8389F /* ViewController.m in Sources */ = {isa = PBXBuildFile; fileRef = D4FFB2761CA4312C00B8389F /* ViewController.m */; };
		D4FFB27A1CA4312C00B8389F /* Main.storyboard in Resources */ = {isa = PBXBuildFile; fileRef = D4FFB2781CA4312C00B8389F /* Main.storyboard */; };
		D4FFB27C1CA4312D00B8389F /* Assets.xcassets in Resources */ = {isa = PBXBuildFile; fileRef = D4FFB27B1CA4312D00B8389F /* Assets.xcassets */; };
		D4FFB27F1CA4312D00B8389F /* LaunchScreen.storyboard in Resources */ = {isa = PBXBuildFile; fileRef = D4FFB27D1CA4312D00B8389F /* LaunchScreen.storyboard */; };
		D4FFB28A1CA4312D00B8389F /* ____DemoTests.m in Sources */ = {isa = PBXBuildFile; fileRef = D4FFB2891CA4312D00B8389F /* ____DemoTests.m */; };
		D4FFB2951CA4312D00B8389F /* ____DemoUITests.m in Sources */ = {isa = PBXBuildFile; fileRef = D4FFB2941CA4312D00B8389F /* ____DemoUITests.m */; };
		D4FFB2A31CA4314300B8389F /* data.plist in Resources */ = {isa = PBXBuildFile; fileRef = D4FFB2A21CA4314300B8389F /* data.plist */; };
		D4FFB2AF1CA4325500B8389F /* BaseModel.m in Sources */ = {isa = PBXBuildFile; fileRef = D4FFB2AE1CA4325500B8389F /* BaseModel.m */; };
		D4FFB2B81CA4328500B8389F /* News.m in Sources */ = {isa = PBXBuildFile; fileRef = D4FFB2B71CA4328500B8389F /* News.m */; };
		D4FFB2BB1CA4328E00B8389F /* Images.m in Sources */ = {isa = PBXBuildFile; fileRef = D4FFB2BA1CA4328E00B8389F /* Images.m */; };
		D4FFB2BE1CA4329400B8389F /* Music.m in Sources */ = {isa = PBXBuildFile; fileRef = D4FFB2BD1CA4329400B8389F /* Music.m */; };
		D4FFB2C11CA4339A00B8389F /* BaseCell.m in Sources */ = {isa = PBXBuildFile; fileRef = D4FFB2C01CA4339A00B8389F /* BaseCell.m */; };
		D4FFB2CD1CA433DE00B8389F /* NewsCell.m in Sources */ = {isa = PBXBuildFile; fileRef = D4FFB2CC1CA433DE00B8389F /* NewsCell.m */; };
		D4FFB2D01CA433F000B8389F /* ImagesCell.m in Sources */ = {isa = PBXBuildFile; fileRef = D4FFB2CF1CA433F000B8389F /* ImagesCell.m */; };
		D4FFB2D31CA433F800B8389F /* MusicCell.m in Sources */ = {isa = PBXBuildFile; fileRef = D4FFB2D21CA433F800B8389F /* MusicCell.m */; };
		D4FFB2D61CA4356600B8389F /* TableViewController.m in Sources */ = {isa = PBXBuildFile; fileRef = D4FFB2D51CA4356600B8389F /* TableViewController.m */; };
		D4FFB2DC1CA438D700B8389F /* 1.png in Resources */ = {isa = PBXBuildFile; fileRef = D4FFB2D71CA438D700B8389F /* 1.png */; };
		D4FFB2DD1CA438D700B8389F /* 2.png in Resources */ = {isa = PBXBuildFile; fileRef = D4FFB2D81CA438D700B8389F /* 2.png */; };
		D4FFB2DE1CA438D700B8389F /* 3.png in Resources */ = {isa = PBXBuildFile; fileRef = D4FFB2D91CA438D700B8389F /* 3.png */; };
		D4FFB2DF1CA438D700B8389F /* 4.png in Resources */ = {isa = PBXBuildFile; fileRef = D4FFB2DA1CA438D700B8389F /* 4.png */; };
		D4FFB2E01CA438D700B8389F /* 5.png in Resources */ = {isa = PBXBuildFile; fileRef = D4FFB2DB1CA438D700B8389F /* 5.png */; };
/* End PBXBuildFile section */

/* Begin PBXContainerItemProxy section */
		D4FFB2861CA4312D00B8389F /* PBXContainerItemProxy */ = {
			isa = PBXContainerItemProxy;
			containerPortal = D4FFB2641CA4312C00B8389F /* Project object */;
			proxyType = 1;
			remoteGlobalIDString = D4FFB26B1CA4312C00B8389F;
			remoteInfo = "工厂模式Demo";
		};
		D4FFB2911CA4312D00B8389F /* PBXContainerItemProxy */ = {
			isa = PBXContainerItemProxy;
			containerPortal = D4FFB2641CA4312C00B8389F /* Project object */;
			proxyType = 1;
			remoteGlobalIDString = D4FFB26B1CA4312C00B8389F;
			remoteInfo = "工厂模式Demo";
		};
/* End PBXContainerItemProxy section */

/* Begin PBXFileReference section */
		D4FFB26C1CA4312C00B8389F /* 工厂模式Demo.app */ = {isa = PBXFileReference; explicitFileType = wrapper.application; includeInIndex = 0; path = "工厂模式Demo.app"; sourceTree = BUILT_PRODUCTS_DIR; };
		D4FFB2701CA4312C00B8389F /* main.m */ = {isa = PBXFileReference; lastKnownFileType = sourcecode.c.objc; path = main.m; sourceTree = "<group>"; };
		D4FFB2721CA4312C00B8389F /* AppDelegate.h */ = {isa = PBXFileReference; lastKnownFileType = sourcecode.c.h; path = AppDelegate.h; sourceTree = "<group>"; };
		D4FFB2731CA4312C00B8389F /* AppDelegate.m */ = {isa = PBXFileReference; lastKnownFileType = sourcecode.c.objc; path = AppDelegate.m; sourceTree = "<group>"; };
		D4FFB2751CA4312C00B8389F /* ViewController.h */ = {isa = PBXFileReference; lastKnownFileType = sourcecode.c.h; path = ViewController.h; sourceTree = "<group>"; };
		D4FFB2761CA4312C00B8389F /* ViewController.m */ = {isa = PBXFileReference; lastKnownFileType = sourcecode.c.objc; path = ViewController.m; sourceTree = "<group>"; };
		D4FFB2791CA4312C00B8389F /* Base */ = {isa = PBXFileReference; lastKnownFileType = file.storyboard; name = Base; path = Base.lproj/Main.storyboard; sourceTree = "<group>"; };
		D4FFB27B1CA4312D00B8389F /* Assets.xcassets */ = {isa = PBXFileReference; lastKnownFileType = folder.assetcatalog; path = Assets.xcassets; sourceTree = "<group>"; };
		D4FFB27E1CA4312D00B8389F /* Base */ = {isa = PBXFileReference; lastKnownFileType = file.storyboard; name = Base; path = Base.lproj/LaunchScreen.storyboard; sourceTree = "<group>"; };
		D4FFB2801CA4312D00B8389F /* Info.plist */ = {isa = PBXFileReference; lastKnownFileType = text.plist.xml; path = Info.plist; sourceTree = "<group>"; };
		D4FFB2851CA4312D00B8389F /* 工厂模式DemoTests.xctest */ = {isa = PBXFileReference; explicitFileType = wrapper.cfbundle; includeInIndex = 0; path = "工厂模式DemoTests.xctest"; sourceTree = BUILT_PRODUCTS_DIR; };
		D4FFB2891CA4312D00B8389F /* ____DemoTests.m */ = {isa = PBXFileReference; lastKnownFileType = sourcecode.c.objc; path = "____DemoTests.m"; sourceTree = "<group>"; };
		D4FFB28B1CA4312D00B8389F /* Info.plist */ = {isa = PBXFileReference; lastKnownFileType = text.plist.xml; path = Info.plist; sourceTree = "<group>"; };
		D4FFB2901CA4312D00B8389F /* 工厂模式DemoUITests.xctest */ = {isa = PBXFileReference; explicitFileType = wrapper.cfbundle; includeInIndex = 0; path = "工厂模式DemoUITests.xctest"; sourceTree = BUILT_PRODUCTS_DIR; };
		D4FFB2941CA4312D00B8389F /* ____DemoUITests.m */ = {isa = PBXFileReference; lastKnownFileType = sourcecode.c.objc; path = "____DemoUITests.m"; sourceTree = "<group>"; };
		D4FFB2961CA4312D00B8389F /* Info.plist */ = {isa = PBXFileReference; lastKnownFileType = text.plist.xml; path = Info.plist; sourceTree = "<group>"; };
		D4FFB2A21CA4314300B8389F /* data.plist */ = {isa = PBXFileReference; fileEncoding = 4; lastKnownFileType = text.plist.xml; path = data.plist; sourceTree = "<group>"; };
		D4FFB2AD1CA4325500B8389F /* BaseModel.h */ = {isa = PBXFileReference; fileEncoding = 4; lastKnownFileType = sourcecode.c.h; path = BaseModel.h; sourceTree = "<group>"; };
		D4FFB2AE1CA4325500B8389F /* BaseModel.m */ = {isa = PBXFileReference; fileEncoding = 4; lastKnownFileType = sourcecode.c.objc; path = BaseModel.m; sourceTree = "<group>"; };
		D4FFB2B61CA4328500B8389F /* News.h */ = {isa = PBXFileReference; fileEncoding = 4; lastKnownFileType = sourcecode.c.h; path = News.h; sourceTree = "<group>"; };
		D4FFB2B71CA4328500B8389F /* News.m */ = {isa = PBXFileReference; fileEncoding = 4; lastKnownFileType = sourcecode.c.objc; path = News.m; sourceTree = "<group>"; };
		D4FFB2B91CA4328E00B8389F /* Images.h */ = {isa = PBXFileReference; fileEncoding = 4; lastKnownFileType = sourcecode.c.h; path = Images.h; sourceTree = "<group>"; };
		D4FFB2BA1CA4328E00B8389F /* Images.m */ = {isa = PBXFileReference; fileEncoding = 4; lastKnownFileType = sourcecode.c.objc; path = Images.m; sourceTree = "<group>"; };
		D4FFB2BC1CA4329400B8389F /* Music.h */ = {isa = PBXFileReference; fileEncoding = 4; lastKnownFileType = sourcecode.c.h; path = Music.h; sourceTree = "<group>"; };
		D4FFB2BD1CA4329400B8389F /* Music.m */ = {isa = PBXFileReference; fileEncoding = 4; lastKnownFileType = sourcecode.c.objc; path = Music.m; sourceTree = "<group>"; };
		D4FFB2BF1CA4339A00B8389F /* BaseCell.h */ = {isa = PBXFileReference; fileEncoding = 4; lastKnownFileType = sourcecode.c.h; path = BaseCell.h; sourceTree = "<group>"; };
		D4FFB2C01CA4339A00B8389F /* BaseCell.m */ = {isa = PBXFileReference; fileEncoding = 4; lastKnownFileType = sourcecode.c.objc; path = BaseCell.m; sourceTree = "<group>"; };
		D4FFB2CB1CA433DE00B8389F /* NewsCell.h */ = {isa = PBXFileReference; fileEncoding = 4; lastKnownFileType = sourcecode.c.h; path = NewsCell.h; sourceTree = "<group>"; };
		D4FFB2CC1CA433DE00B8389F /* NewsCell.m */ = {isa = PBXFileReference; fileEncoding = 4; lastKnownFileType = sourcecode.c.objc; path = NewsCell.m; sourceTree = "<group>"; };
		D4FFB2CE1CA433F000B8389F /* ImagesCell.h */ = {isa = PBXFileReference; fileEncoding = 4; lastKnownFileType = sourcecode.c.h; path = ImagesCell.h; sourceTree = "<group>"; };
		D4FFB2CF1CA433F000B8389F /* ImagesCell.m */ = {isa = PBXFileReference; fileEncoding = 4; lastKnownFileType = sourcecode.c.objc; path = ImagesCell.m; sourceTree = "<group>"; };
		D4FFB2D11CA433F800B8389F /* MusicCell.h */ = {isa = PBXFileReference; fileEncoding = 4; lastKnownFileType = sourcecode.c.h; path = MusicCell.h; sourceTree = "<group>"; };
		D4FFB2D21CA433F800B8389F /* MusicCell.m */ = {isa = PBXFileReference; fileEncoding = 4; lastKnownFileType = sourcecode.c.objc; path = MusicCell.m; sourceTree = "<group>"; };
		D4FFB2D41CA4356600B8389F /* TableViewController.h */ = {isa = PBXFileReference; fileEncoding = 4; lastKnownFileType = sourcecode.c.h; path = TableViewController.h; sourceTree = "<group>"; };
		D4FFB2D51CA4356600B8389F /* TableViewController.m */ = {isa = PBXFileReference; fileEncoding = 4; lastKnownFileType = sourcecode.c.objc; path = TableViewController.m; sourceTree = "<group>"; };
		D4FFB2D71CA438D700B8389F /* 1.png */ = {isa = PBXFileReference; lastKnownFileType = image.png; path = 1.png; sourceTree = "<group>"; };
		D4FFB2D81CA438D700B8389F /* 2.png */ = {isa = PBXFileReference; lastKnownFileType = image.png; path = 2.png; sourceTree = "<group>"; };
		D4FFB2D91CA438D700B8389F /* 3.png */ = {isa = PBXFileReference; lastKnownFileType = image.png; path = 3.png; sourceTree = "<group>"; };
		D4FFB2DA1CA438D700B8389F /* 4.png */ = {isa = PBXFileReference; lastKnownFileType = image.png; path = 4.png; sourceTree = "<group>"; };
		D4FFB2DB1CA438D700B8389F /* 5.png */ = {isa = PBXFileReference; lastKnownFileType = image.png; path = 5.png; sourceTree = "<group>"; };
/* End PBXFileReference section */

/* Begin PBXFrameworksBuildPhase section */
		D4FFB2691CA4312C00B8389F /* Frameworks */ = {
			isa = PBXFrameworksBuildPhase;
			buildActionMask = 2147483647;
			files = (
			);
			runOnlyForDeploymentPostprocessing = 0;
		};
		D4FFB2821CA4312D00B8389F /* Frameworks */ = {
			isa = PBXFrameworksBuildPhase;
			buildActionMask = 2147483647;
			files = (
			);
			runOnlyForDeploymentPostprocessing = 0;
		};
		D4FFB28D1CA4312D00B8389F /* Frameworks */ = {
			isa = PBXFrameworksBuildPhase;
			buildActionMask = 2147483647;
			files = (
			);
			runOnlyForDeploymentPostprocessing = 0;
		};
/* End PBXFrameworksBuildPhase section */

/* Begin PBXGroup section */
		D4FFB2631CA4312C00B8389F = {
			isa = PBXGroup;
			children = (
				D4FFB26E1CA4312C00B8389F /* 工厂模式Demo */,
				D4FFB2881CA4312D00B8389F /* 工厂模式DemoTests */,
				D4FFB2931CA4312D00B8389F /* 工厂模式DemoUITests */,
				D4FFB26D1CA4312C00B8389F /* Products */,
			);
			sourceTree = "<group>";
		};
		D4FFB26D1CA4312C00B8389F /* Products */ = {
			isa = PBXGroup;
			children = (
				D4FFB26C1CA4312C00B8389F /* 工厂模式Demo.app */,
				D4FFB2851CA4312D00B8389F /* 工厂模式DemoTests.xctest */,
				D4FFB2901CA4312D00B8389F /* 工厂模式DemoUITests.xctest */,
			);
			name = Products;
			sourceTree = "<group>";
		};
		D4FFB26E1CA4312C00B8389F /* 工厂模式Demo */ = {
			isa = PBXGroup;
			children = (
				D4FFB2D71CA438D700B8389F /* 1.png */,
				D4FFB2D81CA438D700B8389F /* 2.png */,
				D4FFB2D91CA438D700B8389F /* 3.png */,
				D4FFB2DA1CA438D700B8389F /* 4.png */,
				D4FFB2DB1CA438D700B8389F /* 5.png */,
				D4FFB2721CA4312C00B8389F /* AppDelegate.h */,
				D4FFB2731CA4312C00B8389F /* AppDelegate.m */,
				D4FFB2751CA4312C00B8389F /* ViewController.h */,
				D4FFB2761CA4312C00B8389F /* ViewController.m */,
				D4FFB2D41CA4356600B8389F /* TableViewController.h */,
				D4FFB2D51CA4356600B8389F /* TableViewController.m */,
				D4FFB2BF1CA4339A00B8389F /* BaseCell.h */,
				D4FFB2C01CA4339A00B8389F /* BaseCell.m */,
				D4FFB2CB1CA433DE00B8389F /* NewsCell.h */,
				D4FFB2CC1CA433DE00B8389F /* NewsCell.m */,
				D4FFB2CE1CA433F000B8389F /* ImagesCell.h */,
				D4FFB2CF1CA433F000B8389F /* ImagesCell.m */,
				D4FFB2D11CA433F800B8389F /* MusicCell.h */,
				D4FFB2D21CA433F800B8389F /* MusicCell.m */,
				D4FFB2AD1CA4325500B8389F /* BaseModel.h */,
				D4FFB2AE1CA4325500B8389F /* BaseModel.m */,
				D4FFB2B61CA4328500B8389F /* News.h */,
				D4FFB2B71CA4328500B8389F /* News.m */,
				D4FFB2B91CA4328E00B8389F /* Images.h */,
				D4FFB2BA1CA4328E00B8389F /* Images.m */,
				D4FFB2BC1CA4329400B8389F /* Music.h */,
				D4FFB2BD1CA4329400B8389F /* Music.m */,
				D4FFB2781CA4312C00B8389F /* Main.storyboard */,
				D4FFB27B1CA4312D00B8389F /* Assets.xcassets */,
				D4FFB27D1CA4312D00B8389F /* LaunchScreen.storyboard */,
				D4FFB2801CA4312D00B8389F /* Info.plist */,
				D4FFB2A21CA4314300B8389F /* data.plist */,
				D4FFB26F1CA4312C00B8389F /* Supporting Files */,
			);
			path = "工厂模式Demo";
			sourceTree = "<group>";
		};
		D4FFB26F1CA4312C00B8389F /* Supporting Files */ = {
			isa = PBXGroup;
			children = (
				D4FFB2701CA4312C00B8389F /* main.m */,
			);
			name = "Supporting Files";
			sourceTree = "<group>";
		};
		D4FFB2881CA4312D00B8389F /* 工厂模式DemoTests */ = {
			isa = PBXGroup;
			children = (
				D4FFB2891CA4312D00B8389F /* ____DemoTests.m */,
				D4FFB28B1CA4312D00B8389F /* Info.plist */,
			);
			path = "工厂模式DemoTests";
			sourceTree = "<group>";
		};
		D4FFB2931CA4312D00B8389F /* 工厂模式DemoUITests */ = {
			isa = PBXGroup;
			children = (
				D4FFB2941CA4312D00B8389F /* ____DemoUITests.m */,
				D4FFB2961CA4312D00B8389F /* Info.plist */,
			);
			path = "工厂模式DemoUITests";
			sourceTree = "<group>";
		};
/* End PBXGroup section */

/* Begin PBXNativeTarget section */
		D4FFB26B1CA4312C00B8389F /* 工厂模式Demo */ = {
			isa = PBXNativeTarget;
			buildConfigurationList = D4FFB2991CA4312D00B8389F /* Build configuration list for PBXNativeTarget "工厂模式Demo" */;
			buildPhases = (
				D4FFB2681CA4312C00B8389F /* Sources */,
				D4FFB2691CA4312C00B8389F /* Frameworks */,
				D4FFB26A1CA4312C00B8389F /* Resources */,
			);
			buildRules = (
			);
			dependencies = (
			);
			name = "工厂模式Demo";
			productName = "工厂模式Demo";
			productReference = D4FFB26C1CA4312C00B8389F /* 工厂模式Demo.app */;
			productType = "com.apple.product-type.application";
		};
		D4FFB2841CA4312D00B8389F /* 工厂模式DemoTests */ = {
			isa = PBXNativeTarget;
			buildConfigurationList = D4FFB29C1CA4312D00B8389F /* Build configuration list for PBXNativeTarget "工厂模式DemoTests" */;
			buildPhases = (
				D4FFB2811CA4312D00B8389F /* Sources */,
				D4FFB2821CA4312D00B8389F /* Frameworks */,
				D4FFB2831CA4312D00B8389F /* Resources */,
			);
			buildRules = (
			);
			dependencies = (
				D4FFB2871CA4312D00B8389F /* PBXTargetDependency */,
			);
			name = "工厂模式DemoTests";
			productName = "工厂模式DemoTests";
			productReference = D4FFB2851CA4312D00B8389F /* 工厂模式DemoTests.xctest */;
			productType = "com.apple.product-type.bundle.unit-test";
		};
		D4FFB28F1CA4312D00B8389F /* 工厂模式DemoUITests */ = {
			isa = PBXNativeTarget;
			buildConfigurationList = D4FFB29F1CA4312D00B8389F /* Build configuration list for PBXNativeTarget "工厂模式DemoUITests" */;
			buildPhases = (
				D4FFB28C1CA4312D00B8389F /* Sources */,
				D4FFB28D1CA4312D00B8389F /* Frameworks */,
				D4FFB28E1CA4312D00B8389F /* Resources */,
			);
			buildRules = (
			);
			dependencies = (
				D4FFB2921CA4312D00B8389F /* PBXTargetDependency */,
			);
			name = "工厂模式DemoUITests";
			productName = "工厂模式DemoUITests";
			productReference = D4FFB2901CA4312D00B8389F /* 工厂模式DemoUITests.xctest */;
			productType = "com.apple.product-type.bundle.ui-testing";
		};
/* End PBXNativeTarget section */

/* Begin PBXProject section */
		D4FFB2641CA4312C00B8389F /* Project object */ = {
			isa = PBXProject;
			attributes = {
				LastUpgradeCheck = 0720;
				ORGANIZATIONNAME = zhangchao;
				TargetAttributes = {
					D4FFB26B1CA4312C00B8389F = {
						CreatedOnToolsVersion = 7.2.1;
					};
					D4FFB2841CA4312D00B8389F = {
						CreatedOnToolsVersion = 7.2.1;
						TestTargetID = D4FFB26B1CA4312C00B8389F;
					};
					D4FFB28F1CA4312D00B8389F = {
						CreatedOnToolsVersion = 7.2.1;
						TestTargetID = D4FFB26B1CA4312C00B8389F;
					};
				};
			};
			buildConfigurationList = D4FFB2671CA4312C00B8389F /* Build configuration list for PBXProject "工厂模式Demo" */;
			compatibilityVersion = "Xcode 3.2";
			developmentRegion = English;
			hasScannedForEncodings = 0;
			knownRegions = (
				en,
				Base,
			);
			mainGroup = D4FFB2631CA4312C00B8389F;
			productRefGroup = D4FFB26D1CA4312C00B8389F /* Products */;
			projectDirPath = "";
			projectRoot = "";
			targets = (
				D4FFB26B1CA4312C00B8389F /* 工厂模式Demo */,
				D4FFB2841CA4312D00B8389F /* 工厂模式DemoTests */,
				D4FFB28F1CA4312D00B8389F /* 工厂模式DemoUITests */,
			);
		};
/* End PBXProject section */

/* Begin PBXResourcesBuildPhase section */
		D4FFB26A1CA4312C00B8389F /* Resources */ = {
			isa = PBXResourcesBuildPhase;
			buildActionMask = 2147483647;
			files = (
				D4FFB2DD1CA438D700B8389F /* 2.png in Resources */,
				D4FFB27F1CA4312D00B8389F /* LaunchScreen.storyboard in Resources */,
				D4FFB27C1CA4312D00B8389F /* Assets.xcassets in Resources */,
				D4FFB2A31CA4314300B8389F /* data.plist in Resources */,
				D4FFB2DF1CA438D700B8389F /* 4.png in Resources */,
				D4FFB27A1CA4312C00B8389F /* Main.storyboard in Resources */,
				D4FFB2E01CA438D700B8389F /* 5.png in Resources */,
				D4FFB2DE1CA438D700B8389F /* 3.png in Resources */,
				D4FFB2DC1CA438D700B8389F /* 1.png in Resources */,
			);
			runOnlyForDeploymentPostprocessing = 0;
		};
		D4FFB2831CA4312D00B8389F /* Resources */ = {
			isa = PBXResourcesBuildPhase;
			buildActionMask = 2147483647;
			files = (
			);
			runOnlyForDeploymentPostprocessing = 0;
		};
		D4FFB28E1CA4312D00B8389F /* Resources */ = {
			isa = PBXResourcesBuildPhase;
			buildActionMask = 2147483647;
			files = (
			);
			runOnlyForDeploymentPostprocessing = 0;
		};
/* End PBXResourcesBuildPhase section */

/* Begin PBXSourcesBuildPhase section */
		D4FFB2681CA4312C00B8389F /* Sources */ = {
			isa = PBXSourcesBuildPhase;
			buildActionMask = 2147483647;
			files = (
				D4FFB2D31CA433F800B8389F /* MusicCell.m in Sources */,
				D4FFB2C11CA4339A00B8389F /* BaseCell.m in Sources */,
				D4FFB2BE1CA4329400B8389F /* Music.m in Sources */,
				D4FFB2CD1CA433DE00B8389F /* NewsCell.m in Sources */,
				D4FFB2B81CA4328500B8389F /* News.m in Sources */,
				D4FFB2771CA4312C00B8389F /* ViewController.m in Sources */,
				D4FFB2741CA4312C00B8389F /* AppDelegate.m in Sources */,
				D4FFB2D61CA4356600B8389F /* TableViewController.m in Sources */,
				D4FFB2BB1CA4328E00B8389F /* Images.m in Sources */,
				D4FFB2D01CA433F000B8389F /* ImagesCell.m in Sources */,
				D4FFB2AF1CA4325500B8389F /* BaseModel.m in Sources */,
				D4FFB2711CA4312C00B8389F /* main.m in Sources */,
			);
			runOnlyForDeploymentPostprocessing = 0;
		};
		D4FFB2811CA4312D00B8389F /* Sources */ = {
			isa = PBXSourcesBuildPhase;
			buildActionMask = 2147483647;
			files = (
				D4FFB28A1CA4312D00B8389F /* ____DemoTests.m in Sources */,
			);
			runOnlyForDeploymentPostprocessing = 0;
		};
		D4FFB28C1CA4312D00B8389F /* Sources */ = {
			isa = PBXSourcesBuildPhase;
			buildActionMask = 2147483647;
			files = (
				D4FFB2951CA4312D00B8389F /* ____DemoUITests.m in Sources */,
			);
			runOnlyForDeploymentPostprocessing = 0;
		};
/* End PBXSourcesBuildPhase section */

/* Begin PBXTargetDependency section */
		D4FFB2871CA4312D00B8389F /* PBXTargetDependency */ = {
			isa = PBXTargetDependency;
			target = D4FFB26B1CA4312C00B8389F /* 工厂模式Demo */;
			targetProxy = D4FFB2861CA4312D00B8389F /* PBXContainerItemProxy */;
		};
		D4FFB2921CA4312D00B8389F /* PBXTargetDependency */ = {
			isa = PBXTargetDependency;
			target = D4FFB26B1CA4312C00B8389F /* 工厂模式Demo */;
			targetProxy = D4FFB2911CA4312D00B8389F /* PBXContainerItemProxy */;
		};
/* End PBXTargetDependency section */

/* Begin PBXVariantGroup section */
		D4FFB2781CA4312C00B8389F /* Main.storyboard */ = {
			isa = PBXVariantGroup;
			children = (
				D4FFB2791CA4312C00B8389F /* Base */,
			);
			name = Main.storyboard;
			sourceTree = "<group>";
		};
		D4FFB27D1CA4312D00B8389F /* LaunchScreen.storyboard */ = {
			isa = PBXVariantGroup;
			children = (
				D4FFB27E1CA4312D00B8389F /* Base */,
			);
			name = LaunchScreen.storyboard;
			sourceTree = "<group>";
		};
/* End PBXVariantGroup section */

/* Begin XCBuildConfiguration section */
		D4FFB2971CA4312D00B8389F /* Debug */ = {
			isa = XCBuildConfiguration;
			buildSettings = {
				ALWAYS_SEARCH_USER_PATHS = NO;
				CLANG_CXX_LANGUAGE_STANDARD = "gnu++0x";
				CLANG_CXX_LIBRARY = "libc++";
				CLANG_ENABLE_MODULES = YES;
				CLANG_ENABLE_OBJC_ARC = YES;
				CLANG_WARN_BOOL_CONVERSION = YES;
				CLANG_WARN_CONSTANT_CONVERSION = YES;
				CLANG_WARN_DIRECT_OBJC_ISA_USAGE = YES_ERROR;
				CLANG_WARN_EMPTY_BODY = YES;
				CLANG_WARN_ENUM_CONVERSION = YES;
				CLANG_WARN_INT_CONVERSION = YES;
				CLANG_WARN_OBJC_ROOT_CLASS = YES_ERROR;
				CLANG_WARN_UNREACHABLE_CODE = YES;
				CLANG_WARN__DUPLICATE_METHOD_MATCH = YES;
				"CODE_SIGN_IDENTITY[sdk=iphoneos*]" = "iPhone Developer";
				COPY_PHASE_STRIP = NO;
				DEBUG_INFORMATION_FORMAT = dwarf;
				ENABLE_STRICT_OBJC_MSGSEND = YES;
				ENABLE_TESTABILITY = YES;
				GCC_C_LANGUAGE_STANDARD = gnu99;
				GCC_DYNAMIC_NO_PIC = NO;
				GCC_NO_COMMON_BLOCKS = YES;
				GCC_OPTIMIZATION_LEVEL = 0;
				GCC_PREPROCESSOR_DEFINITIONS = (
					"DEBUG=1",
					"$(inherited)",
				);
				GCC_WARN_64_TO_32_BIT_CONVERSION = YES;
				GCC_WARN_ABOUT_RETURN_TYPE = YES_ERROR;
				GCC_WARN_UNDECLARED_SELECTOR = YES;
				GCC_WARN_UNINITIALIZED_AUTOS = YES_AGGRESSIVE;
				GCC_WARN_UNUSED_FUNCTION = YES;
				GCC_WARN_UNUSED_VARIABLE = YES;
				IPHONEOS_DEPLOYMENT_TARGET = 9.2;
				MTL_ENABLE_DEBUG_INFO = YES;
				ONLY_ACTIVE_ARCH = YES;
				SDKROOT = iphoneos;
				TARGETED_DEVICE_FAMILY = "1,2";
			};
			name = Debug;
		};
		D4FFB2981CA4312D00B8389F /* Release */ = {
			isa = XCBuildConfiguration;
			buildSettings = {
				ALWAYS_SEARCH_USER_PATHS = NO;
				CLANG_CXX_LANGUAGE_STANDARD = "gnu++0x";
				CLANG_CXX_LIBRARY = "libc++";
				CLANG_ENABLE_MODULES = YES;
				CLANG_ENABLE_OBJC_ARC = YES;
				CLANG_WARN_BOOL_CONVERSION = YES;
				CLANG_WARN_CONSTANT_CONVERSION = YES;
				CLANG_WARN_DIRECT_OBJC_ISA_USAGE = YES_ERROR;
				CLANG_WARN_EMPTY_BODY = YES;
				CLANG_WARN_ENUM_CONVERSION = YES;
				CLANG_WARN_INT_CONVERSION = YES;
				CLANG_WARN_OBJC_ROOT_CLASS = YES_ERROR;
				CLANG_WARN_UNREACHABLE_CODE = YES;
				CLANG_WARN__DUPLICATE_METHOD_MATCH = YES;
				"CODE_SIGN_IDENTITY[sdk=iphoneos*]" = "iPhone Developer";
				COPY_PHASE_STRIP = NO;
				DEBUG_INFORMATION_FORMAT = "dwarf-with-dsym";
				ENABLE_NS_ASSERTIONS = NO;
				ENABLE_STRICT_OBJC_MSGSEND = YES;
				GCC_C_LANGUAGE_STANDARD = gnu99;
				GCC_NO_COMMON_BLOCKS = YES;
				GCC_WARN_64_TO_32_BIT_CONVERSION = YES;
				GCC_WARN_ABOUT_RETURN_TYPE = YES_ERROR;
				GCC_WARN_UNDECLARED_SELECTOR = YES;
				GCC_WARN_UNINITIALIZED_AUTOS = YES_AGGRESSIVE;
				GCC_WARN_UNUSED_FUNCTION = YES;
				GCC_WARN_UNUSED_VARIABLE = YES;
				IPHONEOS_DEPLOYMENT_TARGET = 9.2;
				MTL_ENABLE_DEBUG_INFO = NO;
				SDKROOT = iphoneos;
				TARGETED_DEVICE_FAMILY = "1,2";
				VALIDATE_PRODUCT = YES;
			};
			name = Release;
		};
		D4FFB29A1CA4312D00B8389F /* Debug */ = {
			isa = XCBuildConfiguration;
			buildSettings = {
				ASSETCATALOG_COMPILER_APPICON_NAME = AppIcon;
				INFOPLIST_FILE = "工厂模式Demo/Info.plist";
				LD_RUNPATH_SEARCH_PATHS = "$(inherited) @executable_path/Frameworks";
				PRODUCT_BUNDLE_IDENTIFIER = "com.JXCH.----Demo";
				PRODUCT_NAME = "$(TARGET_NAME)";
			};
			name = Debug;
		};
		D4FFB29B1CA4312D00B8389F /* Release */ = {
			isa = XCBuildConfiguration;
			buildSettings = {
				ASSETCATALOG_COMPILER_APPICON_NAME = AppIcon;
				INFOPLIST_FILE = "工厂模式Demo/Info.plist";
				LD_RUNPATH_SEARCH_PATHS = "$(inherited) @executable_path/Frameworks";
				PRODUCT_BUNDLE_IDENTIFIER = "com.JXCH.----Demo";
				PRODUCT_NAME = "$(TARGET_NAME)";
			};
			name = Release;
		};
		D4FFB29D1CA4312D00B8389F /* Debug */ = {
			isa = XCBuildConfiguration;
			buildSettings = {
				BUNDLE_LOADER = "$(TEST_HOST)";
				INFOPLIST_FILE = "工厂模式DemoTests/Info.plist";
				LD_RUNPATH_SEARCH_PATHS = "$(inherited) @executable_path/Frameworks @loader_path/Frameworks";
				PRODUCT_BUNDLE_IDENTIFIER = "com.JXCH.----DemoTests";
				PRODUCT_NAME = "$(TARGET_NAME)";
				TEST_HOST = "$(BUILT_PRODUCTS_DIR)/工厂模式Demo.app/工厂模式Demo";
			};
			name = Debug;
		};
		D4FFB29E1CA4312D00B8389F /* Release */ = {
			isa = XCBuildConfiguration;
			buildSettings = {
				BUNDLE_LOADER = "$(TEST_HOST)";
				INFOPLIST_FILE = "工厂模式DemoTests/Info.plist";
				LD_RUNPATH_SEARCH_PATHS = "$(inherited) @executable_path/Frameworks @loader_path/Frameworks";
				PRODUCT_BUNDLE_IDENTIFIER = "com.JXCH.----DemoTests";
				PRODUCT_NAME = "$(TARGET_NAME)";
				TEST_HOST = "$(BUILT_PRODUCTS_DIR)/工厂模式Demo.app/工厂模式Demo";
			};
			name = Release;
		};
		D4FFB2A01CA4312D00B8389F /* Debug */ = {
			isa = XCBuildConfiguration;
			buildSettings = {
				INFOPLIST_FILE = "工厂模式DemoUITests/Info.plist";
				LD_RUNPATH_SEARCH_PATHS = "$(inherited) @executable_path/Frameworks @loader_path/Frameworks";
				PRODUCT_BUNDLE_IDENTIFIER = "com.JXCH.----DemoUITests";
				PRODUCT_NAME = "$(TARGET_NAME)";
				TEST_TARGET_NAME = "工厂模式Demo";
				USES_XCTRUNNER = YES;
			};
			name = Debug;
		};
		D4FFB2A11CA4312D00B8389F /* Release */ = {
			isa = XCBuildConfiguration;
			buildSettings = {
				INFOPLIST_FILE = "工厂模式DemoUITests/Info.plist";
				LD_RUNPATH_SEARCH_PATHS = "$(inherited) @executable_path/Frameworks @loader_path/Frameworks";
				PRODUCT_BUNDLE_IDENTIFIER = "com.JXCH.----DemoUITests";
				PRODUCT_NAME = "$(TARGET_NAME)";
				TEST_TARGET_NAME = "工厂模式Demo";
				USES_XCTRUNNER = YES;
			};
			name = Release;
		};
/* End XCBuildConfiguration section */

/* Begin XCConfigurationList section */
		D4FFB2671CA4312C00B8389F /* Build configuration list for PBXProject "工厂模式Demo" */ = {
			isa = XCConfigurationList;
			buildConfigurations = (
				D4FFB2971CA4312D00B8389F /* Debug */,
				D4FFB2981CA4312D00B8389F /* Release */,
			);
			defaultConfigurationIsVisible = 0;
			defaultConfigurationName = Release;
		};
		D4FFB2991CA4312D00B8389F /* Build configuration list for PBXNativeTarget "工厂模式Demo" */ = {
			isa = XCConfigurationList;
			buildConfigurations = (
				D4FFB29A1CA4312D00B8389F /* Debug */,
				D4FFB29B1CA4312D00B8389F /* Release */,
			);
			defaultConfigurationIsVisible = 0;
		};
		D4FFB29C1CA4312D00B8389F /* Build configuration list for PBXNativeTarget "工厂模式DemoTests" */ = {
			isa = XCConfigurationList;
			buildConfigurations = (
				D4FFB29D1CA4312D00B8389F /* Debug */,
				D4FFB29E1CA4312D00B8389F /* Release */,
			);
			defaultConfigurationIsVisible = 0;
		};
		D4FFB29F1CA4312D00B8389F /* Build configuration list for PBXNativeTarget "工厂模式DemoUITests" */ = {
			isa = XCConfigurationList;
			buildConfigurations = (
				D4FFB2A01CA4312D00B8389F /* Debug */,
				D4FFB2A11CA4312D00B8389F /* Release */,
			);
			defaultConfigurationIsVisible = 0;
		};
/* End XCConfigurationList section */
	};
	rootObject = D4FFB2641CA4312C00B8389F /* Project object */;
}
